
Microsoft Visual Studio Solution File, Format Version 12.00
# Visual Studio Version 16
VisualStudioVersion = 16.0.31424.327
MinimumVisualStudioVersion = 10.0.40219.1
Project("{FAE04EC0-301F-11D3-BF4B-00C04F79EFBC}") = "itstep-shop", "itstep-shop.csproj", "{CBE36A39-CEF5-4A59-B455-EF5AE5A96362}"
EndProject
Global
	GlobalSection(SolutionConfigurationPlatforms) = preSolution
		Debug|Any CPU = Debug|Any CPU
		Release|Any CPU = Release|Any CPU
	EndGlobalSection
	GlobalSection(ProjectConfigurationPlatforms) = postSolution
		{CBE36A39-CEF5-4A59-B455-EF5AE5A96362}.Debug|Any CPU.ActiveCfg = Debug|Any CPU
		{CBE36A39-CEF5-4A59-B455-EF5AE5A96362}.Debug|Any CPU.Build.0 = Debug|Any CPU
		{CBE36A39-CEF5-4A59-B455-EF5AE5A96362}.Release|Any CPU.ActiveCfg = Release|Any CPU
		{CBE36A39-CEF5-4A59-B455-EF5AE5A96362}.Release|Any CPU.Build.0 = Release|Any CPU
	EndGlobalSection
	GlobalSection(SolutionProperties) = preSolution
		HideSolutionNode = FALSE
	EndGlobalSection
	GlobalSection(ExtensibilityGlobals) = postSolution
		SolutionGuid = {709E805E-7784-417B-B2BA-0BD336E00477}
	EndGlobalSection
EndGlobal
